{
  "name": "@phcdevworks/spectre-shell",
  "version": "0.0.1",
  "lockfileVersion": 3,
  "requires": true,
  "packages": {
    "": {
      "name": "@phcdevworks/spectre-shell",
      "version": "0.0.1",
      "funding": [
        {
          "type": "github",
          "url": "https://github.com/sponsors/phcdevworks"
        },
        {
          "type": "buymeacoffee",
          "url": "https://buymeacoffee.com/phcdevworks"
        }
      ],
      "license": "MIT",
      "dependencies": {
        "@phcdevworks/spectre-shell-router": "^0.0.1",
        "@phcdevworks/spectre-ui": "^0.4.1"
      }
    },
    "node_modules/@phcdevworks/spectre-shell-router": {
      "version": "0.0.1",
      "resolved": "https://registry.npmjs.org/@phcdevworks/spectre-shell-router/-/spectre-shell-router-0.0.1.tgz",
      "integrity": "sha512-9OB9pHuHoIJBCtOQKjUw4LEC1VTtrFndlWg3Ii4nnJNGQJO9QnfCeqwclAIJUcsmDEdq992i14x6MtGsEDXqgw==",
      "funding": [
        {
          "type": "github",
          "url": "https://github.com/sponsors/phcdevworks"
        },
        {
          "type": "buymeacoffee",
          "url": "https://buymeacoffee.com/phcdevworks"
        }
      ],
      "license": "MIT"
    },
    "node_modules/@phcdevworks/spectre-tokens": {
      "version": "0.2.1",
      "resolved": "https://registry.npmjs.org/@phcdevworks/spectre-tokens/-/spectre-tokens-0.2.1.tgz",
      "integrity": "sha512-dhDfz4Rmp+xMyMxSSEun8febNGwUU03N2F2n9vUJGu6RC3paqXCGncKuynG2oNjZnsv7n2xhjiVsHRS+A5v7aA==",
      "funding": [
        {
          "type": "github",
          "url": "https://github.com/sponsors/phcdevworks"
        },
        {
          "type": "buymeacoffee",
          "url": "https://buymeacoffee.com/phcdevworks"
        }
      ],
      "license": "MIT"
    },
    "node_modules/@phcdevworks/spectre-ui": {
      "version": "0.4.1",
      "resolved": "https://registry.npmjs.org/@phcdevworks/spectre-ui/-/spectre-ui-0.4.1.tgz",
      "integrity": "sha512-tfkCPX+4oP2ytFwo4Jes1FQd8GTTuXJiJBU7Lxh4Btk5FAXRpHgdY7W8HWdJ+5vZN8IS09uIqvaF+LlIRUYYNg==",
      "funding": [
        {
          "type": "github",
          "url": "https://github.com/sponsors/phcdevworks"
        },
        {
          "type": "buymeacoffee",
          "url": "https://buymeacoffee.com/phcdevworks"
        }
      ],
      "license": "MIT",
      "dependencies": {
        "@phcdevworks/spectre-tokens": "^0.2.1"
      },
      "peerDependencies": {
        "tailwindcss": "^3.4.0 || ^4.0.0"
      }
    },
    "node_modules/tailwindcss": {
      "version": "4.1.18",
      "resolved": "https://registry.npmjs.org/tailwindcss/-/tailwindcss-4.1.18.tgz",
      "integrity": "sha512-4+Z+0yiYyEtUVCScyfHCxOYP06L5Ne+JiHhY2IjR2KWMIWhJOYZKLSGZaP5HkZ8+bY0cxfzwDE5uOmzFXyIwxw==",
      "license": "MIT",
      "peer": true
    }
  }
}
